
Microsoft Visual Studio Solution File, Format Version 12.00
# Visual Studio 2012
Project("{E24C65DC-7377-472B-9ABA-BC803B73C61A}") = "Nhom5_congvcph00948_HT", "http://localhost:1867", "{3686BFE3-93A1-4F3B-9CA5-3FEECAAF43B8}"
	ProjectSection(WebsiteProperties) = preProject
		UseIISExpress = "true"
		TargetFrameworkMoniker = ".NETFramework,Version%3Dv4.5"
		Debug.AspNetCompiler.VirtualPath = "/localhost_1867"
		Debug.AspNetCompiler.PhysicalPath = "..\..\Nhom5_congvcph00948_HT\"
		Debug.AspNetCompiler.TargetPath = "PrecompiledWeb\localhost_1867\"
		Debug.AspNetCompiler.Updateable = "true"
		Debug.AspNetCompiler.ForceOverwrite = "true"
		Debug.AspNetCompiler.FixedNames = "false"
		Debug.AspNetCompiler.Debug = "True"
		Release.AspNetCompiler.VirtualPath = "/localhost_1867"
		Release.AspNetCompiler.PhysicalPath = "..\..\Nhom5_congvcph00948_HT\"
		Release.AspNetCompiler.TargetPath = "PrecompiledWeb\localhost_1867\"
		Release.AspNetCompiler.Updateable = "true"
		Release.AspNetCompiler.ForceOverwrite = "true"
		Release.AspNetCompiler.FixedNames = "false"
		Release.AspNetCompiler.Debug = "False"
		SlnRelativePath = "..\..\Nhom5_congvcph00948_HT\"
		DefaultWebSiteLanguage = "Visual Basic"
	EndProjectSection
EndProject
Global
	GlobalSection(SolutionConfigurationPlatforms) = preSolution
		Debug|Any CPU = Debug|Any CPU
	EndGlobalSection
	GlobalSection(ProjectConfigurationPlatforms) = postSolution
		{3686BFE3-93A1-4F3B-9CA5-3FEECAAF43B8}.Debug|Any CPU.ActiveCfg = Debug|Any CPU
		{3686BFE3-93A1-4F3B-9CA5-3FEECAAF43B8}.Debug|Any CPU.Build.0 = Debug|Any CPU
	EndGlobalSection
	GlobalSection(SolutionProperties) = preSolution
		HideSolutionNode = FALSE
	EndGlobalSection
EndGlobal
