
Microsoft Visual Studio Solution File, Format Version 12.00
# Visual Studio 2012
Project("{E24C65DC-7377-472B-9ABA-BC803B73C61A}") = "NHOM5_CONGVCPH00948_GD2", "http://localhost:6062", "{D8B9BE68-5D88-480A-9E94-147B55A10626}"
	ProjectSection(WebsiteProperties) = preProject
		UseIISExpress = "true"
		TargetFrameworkMoniker = ".NETFramework,Version%3Dv4.5"
		Debug.AspNetCompiler.VirtualPath = "/localhost_6062"
		Debug.AspNetCompiler.PhysicalPath = "..\..\NHOM5_CONGVCPH00948_GD2\"
		Debug.AspNetCompiler.TargetPath = "PrecompiledWeb\localhost_6062\"
		Debug.AspNetCompiler.Updateable = "true"
		Debug.AspNetCompiler.ForceOverwrite = "true"
		Debug.AspNetCompiler.FixedNames = "false"
		Debug.AspNetCompiler.Debug = "True"
		Release.AspNetCompiler.VirtualPath = "/localhost_6062"
		Release.AspNetCompiler.PhysicalPath = "..\..\NHOM5_CONGVCPH00948_GD2\"
		Release.AspNetCompiler.TargetPath = "PrecompiledWeb\localhost_6062\"
		Release.AspNetCompiler.Updateable = "true"
		Release.AspNetCompiler.ForceOverwrite = "true"
		Release.AspNetCompiler.FixedNames = "false"
		Release.AspNetCompiler.Debug = "False"
		SlnRelativePath = "..\..\NHOM5_CONGVCPH00948_GD2\"
		DefaultWebSiteLanguage = "Visual Basic"
	EndProjectSection
EndProject
Global
	GlobalSection(SolutionConfigurationPlatforms) = preSolution
		Debug|Any CPU = Debug|Any CPU
	EndGlobalSection
	GlobalSection(ProjectConfigurationPlatforms) = postSolution
		{D8B9BE68-5D88-480A-9E94-147B55A10626}.Debug|Any CPU.ActiveCfg = Debug|Any CPU
		{D8B9BE68-5D88-480A-9E94-147B55A10626}.Debug|Any CPU.Build.0 = Debug|Any CPU
	EndGlobalSection
	GlobalSection(SolutionProperties) = preSolution
		HideSolutionNode = FALSE
	EndGlobalSection
EndGlobal
